
Microsoft Visual Studio Solution File, Format Version 12.00
Project("{FAE04EC0-301F-11D3-BF4B-00C04F79EFBC}") = "Ocelot.ApiGw", "ApiGateways\Ocelot.ApiGw\Ocelot.ApiGw.csproj", "{66680555-F931-4B34-B8B3-7F40E96171A7}"
EndProject
Project("{FAE04EC0-301F-11D3-BF4B-00C04F79EFBC}") = "Identity.MVC", "Services\Identity\Identity.MVC\Identity.MVC.csproj", "{1BD95CF4-C086-415C-948A-A7BABCA927C0}"
EndProject
Project("{FAE04EC0-301F-11D3-BF4B-00C04F79EFBC}") = "Product.API", "Services\Product\Product.API\Product.API.csproj", "{8E767FDC-34D2-47BE-9D38-A67184BB92E1}"
EndProject
Project("{FAE04EC0-301F-11D3-BF4B-00C04F79EFBC}") = "UserManagement.API", "Services\User\UserManagement.API\UserManagement.API.csproj", "{C3E858F6-B59A-457D-97A3-AE56A25843DC}"
EndProject
Global
	GlobalSection(SolutionConfigurationPlatforms) = preSolution
		Debug|Any CPU = Debug|Any CPU
		Release|Any CPU = Release|Any CPU
	EndGlobalSection
	GlobalSection(ProjectConfigurationPlatforms) = postSolution
		{66680555-F931-4B34-B8B3-7F40E96171A7}.Debug|Any CPU.ActiveCfg = Debug|Any CPU
		{66680555-F931-4B34-B8B3-7F40E96171A7}.Debug|Any CPU.Build.0 = Debug|Any CPU
		{66680555-F931-4B34-B8B3-7F40E96171A7}.Release|Any CPU.ActiveCfg = Release|Any CPU
		{66680555-F931-4B34-B8B3-7F40E96171A7}.Release|Any CPU.Build.0 = Release|Any CPU
		{1BD95CF4-C086-415C-948A-A7BABCA927C0}.Debug|Any CPU.ActiveCfg = Debug|Any CPU
		{1BD95CF4-C086-415C-948A-A7BABCA927C0}.Debug|Any CPU.Build.0 = Debug|Any CPU
		{1BD95CF4-C086-415C-948A-A7BABCA927C0}.Release|Any CPU.ActiveCfg = Release|Any CPU
		{1BD95CF4-C086-415C-948A-A7BABCA927C0}.Release|Any CPU.Build.0 = Release|Any CPU
		{8E767FDC-34D2-47BE-9D38-A67184BB92E1}.Debug|Any CPU.ActiveCfg = Debug|Any CPU
		{8E767FDC-34D2-47BE-9D38-A67184BB92E1}.Debug|Any CPU.Build.0 = Debug|Any CPU
		{8E767FDC-34D2-47BE-9D38-A67184BB92E1}.Release|Any CPU.ActiveCfg = Release|Any CPU
		{8E767FDC-34D2-47BE-9D38-A67184BB92E1}.Release|Any CPU.Build.0 = Release|Any CPU
		{C3E858F6-B59A-457D-97A3-AE56A25843DC}.Debug|Any CPU.ActiveCfg = Debug|Any CPU
		{C3E858F6-B59A-457D-97A3-AE56A25843DC}.Debug|Any CPU.Build.0 = Debug|Any CPU
		{C3E858F6-B59A-457D-97A3-AE56A25843DC}.Release|Any CPU.ActiveCfg = Release|Any CPU
		{C3E858F6-B59A-457D-97A3-AE56A25843DC}.Release|Any CPU.Build.0 = Release|Any CPU
	EndGlobalSection
EndGlobal
